
Microsoft Visual Studio Solution File, Format Version 12.00
# Visual Studio Version 17
VisualStudioVersion = 17.4.33205.214
MinimumVisualStudioVersion = 10.0.40219.1
Project("{FAE04EC0-301F-11D3-BF4B-00C04F79EFBC}") = "filmblogu", "filmblogu\filmblogu.csproj", "{09999C67-6FC2-4566-A6B6-D1CFC172C54C}"
EndProject
Global
	GlobalSection(SolutionConfigurationPlatforms) = preSolution
		Debug|Any CPU = Debug|Any CPU
		Release|Any CPU = Release|Any CPU
	EndGlobalSection
	GlobalSection(ProjectConfigurationPlatforms) = postSolution
		{09999C67-6FC2-4566-A6B6-D1CFC172C54C}.Debug|Any CPU.ActiveCfg = Debug|Any CPU
		{09999C67-6FC2-4566-A6B6-D1CFC172C54C}.Debug|Any CPU.Build.0 = Debug|Any CPU
		{09999C67-6FC2-4566-A6B6-D1CFC172C54C}.Release|Any CPU.ActiveCfg = Release|Any CPU
		{09999C67-6FC2-4566-A6B6-D1CFC172C54C}.Release|Any CPU.Build.0 = Release|Any CPU
	EndGlobalSection
	GlobalSection(SolutionProperties) = preSolution
		HideSolutionNode = FALSE
	EndGlobalSection
	GlobalSection(ExtensibilityGlobals) = postSolution
		SolutionGuid = {08672862-F01B-41CA-861D-F4E1721CEB08}
	EndGlobalSection
EndGlobal
